// !$*UTF8*$!
{
	archiveVersion = 1;
	classes = {
	};
	objectVersion = 55;
	objects = {

/* Begin PBXBuildFile section */
		1BBAC4032B87A38F003B2800 /* AppDelegate.swift in Sources */ = {isa = PBXBuildFile; fileRef = 1BBAC4022B87A38F003B2800 /* AppDelegate.swift */; };
		1BBAC4052B87A38F003B2800 /* SceneDelegate.swift in Sources */ = {isa = PBXBuildFile; fileRef = 1BBAC4042B87A38F003B2800 /* SceneDelegate.swift */; };
		1BBAC40A2B87A38F003B2800 /* Main.storyboard in Resources */ = {isa = PBXBuildFile; fileRef = 1BBAC4082B87A38F003B2800 /* Main.storyboard */; };
		1BBAC40C2B87A392003B2800 /* Assets.xcassets in Resources */ = {isa = PBXBuildFile; fileRef = 1BBAC40B2B87A392003B2800 /* Assets.xcassets */; };
		1BBAC40F2B87A392003B2800 /* LaunchScreen.storyboard in Resources */ = {isa = PBXBuildFile; fileRef = 1BBAC40D2B87A392003B2800 /* LaunchScreen.storyboard */; };
		1BBAC41A2B87B628003B2800 /* RequestError.swift in Sources */ = {isa = PBXBuildFile; fileRef = 1BBAC4192B87B628003B2800 /* RequestError.swift */; };
		1BBAC41C2B87B681003B2800 /* Endpoint.swift in Sources */ = {isa = PBXBuildFile; fileRef = 1BBAC41B2B87B681003B2800 /* Endpoint.swift */; };
		1BBAC41E2B87B6C6003B2800 /* RequestMethod.swift in Sources */ = {isa = PBXBuildFile; fileRef = 1BBAC41D2B87B6C6003B2800 /* RequestMethod.swift */; };
		1BBAC4202B87B7FE003B2800 /* HTTPClient.swift in Sources */ = {isa = PBXBuildFile; fileRef = 1BBAC41F2B87B7FE003B2800 /* HTTPClient.swift */; };
		1BBAC4292B87D6CE003B2800 /* MoviesEndpoint.swift in Sources */ = {isa = PBXBuildFile; fileRef = 1BBAC4282B87D6CE003B2800 /* MoviesEndpoint.swift */; };
		1BBAC42C2B87D8D0003B2800 /* APIConfig.swift in Sources */ = {isa = PBXBuildFile; fileRef = 1BBAC42B2B87D8D0003B2800 /* APIConfig.swift */; };
		1BBAC42E2B87DA7E003B2800 /* MovieService.swift in Sources */ = {isa = PBXBuildFile; fileRef = 1BBAC42D2B87DA7E003B2800 /* MovieService.swift */; };
		1BBAC4302B87DAE3003B2800 /* MovieList.swift in Sources */ = {isa = PBXBuildFile; fileRef = 1BBAC42F2B87DAE3003B2800 /* MovieList.swift */; };
		1BBAC4322B87DB29003B2800 /* MovieInfo.swift in Sources */ = {isa = PBXBuildFile; fileRef = 1BBAC4312B87DB29003B2800 /* MovieInfo.swift */; };
		1BBAC4352B87DE9E003B2800 /* MovieListViewController.swift in Sources */ = {isa = PBXBuildFile; fileRef = 1BBAC4332B87DE9E003B2800 /* MovieListViewController.swift */; };
		1BBAC4362B87DE9E003B2800 /* MovieListViewController.xib in Resources */ = {isa = PBXBuildFile; fileRef = 1BBAC4342B87DE9E003B2800 /* MovieListViewController.xib */; };
		1BBAC4392B87E053003B2800 /* NSObject+Extension.swift in Sources */ = {isa = PBXBuildFile; fileRef = 1BBAC4382B87E053003B2800 /* NSObject+Extension.swift */; };
		1BBAC43B2B87E15F003B2800 /* MovieListViewModel.swift in Sources */ = {isa = PBXBuildFile; fileRef = 1BBAC43A2B87E15F003B2800 /* MovieListViewModel.swift */; };
		1BBAC43E2B87E58A003B2800 /* MovieListTableViewCell.swift in Sources */ = {isa = PBXBuildFile; fileRef = 1BBAC43C2B87E58A003B2800 /* MovieListTableViewCell.swift */; };
		1BBAC43F2B87E58A003B2800 /* MovieListTableViewCell.xib in Resources */ = {isa = PBXBuildFile; fileRef = 1BBAC43D2B87E58A003B2800 /* MovieListTableViewCell.xib */; };
/* End PBXBuildFile section */

/* Begin PBXFileReference section */
		1BBAC3FF2B87A38F003B2800 /* Movie-List-IOS-Test.app */ = {isa = PBXFileReference; explicitFileType = wrapper.application; includeInIndex = 0; path = "Movie-List-IOS-Test.app"; sourceTree = BUILT_PRODUCTS_DIR; };
		1BBAC4022B87A38F003B2800 /* AppDelegate.swift */ = {isa = PBXFileReference; lastKnownFileType = sourcecode.swift; path = AppDelegate.swift; sourceTree = "<group>"; };
		1BBAC4042B87A38F003B2800 /* SceneDelegate.swift */ = {isa = PBXFileReference; lastKnownFileType = sourcecode.swift; path = SceneDelegate.swift; sourceTree = "<group>"; };
		1BBAC4092B87A38F003B2800 /* Base */ = {isa = PBXFileReference; lastKnownFileType = file.storyboard; name = Base; path = Base.lproj/Main.storyboard; sourceTree = "<group>"; };
		1BBAC40B2B87A392003B2800 /* Assets.xcassets */ = {isa = PBXFileReference; lastKnownFileType = folder.assetcatalog; path = Assets.xcassets; sourceTree = "<group>"; };
		1BBAC40E2B87A392003B2800 /* Base */ = {isa = PBXFileReference; lastKnownFileType = file.storyboard; name = Base; path = Base.lproj/LaunchScreen.storyboard; sourceTree = "<group>"; };
		1BBAC4102B87A392003B2800 /* Info.plist */ = {isa = PBXFileReference; lastKnownFileType = text.plist.xml; path = Info.plist; sourceTree = "<group>"; };
		1BBAC4192B87B628003B2800 /* RequestError.swift */ = {isa = PBXFileReference; lastKnownFileType = sourcecode.swift; path = RequestError.swift; sourceTree = "<group>"; };
		1BBAC41B2B87B681003B2800 /* Endpoint.swift */ = {isa = PBXFileReference; lastKnownFileType = sourcecode.swift; path = Endpoint.swift; sourceTree = "<group>"; };
		1BBAC41D2B87B6C6003B2800 /* RequestMethod.swift */ = {isa = PBXFileReference; lastKnownFileType = sourcecode.swift; path = RequestMethod.swift; sourceTree = "<group>"; };
		1BBAC41F2B87B7FE003B2800 /* HTTPClient.swift */ = {isa = PBXFileReference; lastKnownFileType = sourcecode.swift; path = HTTPClient.swift; sourceTree = "<group>"; };
		1BBAC4282B87D6CE003B2800 /* MoviesEndpoint.swift */ = {isa = PBXFileReference; lastKnownFileType = sourcecode.swift; path = MoviesEndpoint.swift; sourceTree = "<group>"; };
		1BBAC42B2B87D8D0003B2800 /* APIConfig.swift */ = {isa = PBXFileReference; lastKnownFileType = sourcecode.swift; path = APIConfig.swift; sourceTree = "<group>"; };
		1BBAC42D2B87DA7E003B2800 /* MovieService.swift */ = {isa = PBXFileReference; lastKnownFileType = sourcecode.swift; path = MovieService.swift; sourceTree = "<group>"; };
		1BBAC42F2B87DAE3003B2800 /* MovieList.swift */ = {isa = PBXFileReference; lastKnownFileType = sourcecode.swift; path = MovieList.swift; sourceTree = "<group>"; };
		1BBAC4312B87DB29003B2800 /* MovieInfo.swift */ = {isa = PBXFileReference; lastKnownFileType = sourcecode.swift; path = MovieInfo.swift; sourceTree = "<group>"; };
		1BBAC4332B87DE9E003B2800 /* MovieListViewController.swift */ = {isa = PBXFileReference; lastKnownFileType = sourcecode.swift; path = MovieListViewController.swift; sourceTree = "<group>"; };
		1BBAC4342B87DE9E003B2800 /* MovieListViewController.xib */ = {isa = PBXFileReference; lastKnownFileType = file.xib; path = MovieListViewController.xib; sourceTree = "<group>"; };
		1BBAC4382B87E053003B2800 /* NSObject+Extension.swift */ = {isa = PBXFileReference; lastKnownFileType = sourcecode.swift; path = "NSObject+Extension.swift"; sourceTree = "<group>"; };
		1BBAC43A2B87E15F003B2800 /* MovieListViewModel.swift */ = {isa = PBXFileReference; lastKnownFileType = sourcecode.swift; path = MovieListViewModel.swift; sourceTree = "<group>"; };
		1BBAC43C2B87E58A003B2800 /* MovieListTableViewCell.swift */ = {isa = PBXFileReference; lastKnownFileType = sourcecode.swift; path = MovieListTableViewCell.swift; sourceTree = "<group>"; };
		1BBAC43D2B87E58A003B2800 /* MovieListTableViewCell.xib */ = {isa = PBXFileReference; lastKnownFileType = file.xib; path = MovieListTableViewCell.xib; sourceTree = "<group>"; };
/* End PBXFileReference section */

/* Begin PBXFrameworksBuildPhase section */
		1BBAC3FC2B87A38F003B2800 /* Frameworks */ = {
			isa = PBXFrameworksBuildPhase;
			buildActionMask = 2147483647;
			files = (
			);
			runOnlyForDeploymentPostprocessing = 0;
		};
/* End PBXFrameworksBuildPhase section */

/* Begin PBXGroup section */
		1BBAC3F62B87A38F003B2800 = {
			isa = PBXGroup;
			children = (
				1BBAC4012B87A38F003B2800 /* Movie-List-IOS-Test */,
				1BBAC4002B87A38F003B2800 /* Products */,
			);
			sourceTree = "<group>";
		};
		1BBAC4002B87A38F003B2800 /* Products */ = {
			isa = PBXGroup;
			children = (
				1BBAC3FF2B87A38F003B2800 /* Movie-List-IOS-Test.app */,
			);
			name = Products;
			sourceTree = "<group>";
		};
		1BBAC4012B87A38F003B2800 /* Movie-List-IOS-Test */ = {
			isa = PBXGroup;
			children = (
				1BBAC4402B87F234003B2800 /* Util */,
				1BBAC4372B87E02F003B2800 /* Extensions */,
				1BBAC42A2B87D8AC003B2800 /* APIConfig */,
				1BBAC4262B87D61C003B2800 /* Services */,
				1BBAC4212B87D4A3003B2800 /* Modules */,
				1BBAC4182B87AAD6003B2800 /* NetworkBaseLayer */,
				1BBAC4172B87AAC7003B2800 /* SceneDelegate */,
				1BBAC4162B87AAB0003B2800 /* AppDelegate */,
				1BBAC4082B87A38F003B2800 /* Main.storyboard */,
				1BBAC40D2B87A392003B2800 /* LaunchScreen.storyboard */,
				1BBAC4102B87A392003B2800 /* Info.plist */,
			);
			path = "Movie-List-IOS-Test";
			sourceTree = "<group>";
		};
		1BBAC4162B87AAB0003B2800 /* AppDelegate */ = {
			isa = PBXGroup;
			children = (
				1BBAC4022B87A38F003B2800 /* AppDelegate.swift */,
			);
			path = AppDelegate;
			sourceTree = "<group>";
		};
		1BBAC4172B87AAC7003B2800 /* SceneDelegate */ = {
			isa = PBXGroup;
			children = (
				1BBAC4042B87A38F003B2800 /* SceneDelegate.swift */,
			);
			path = SceneDelegate;
			sourceTree = "<group>";
		};
		1BBAC4182B87AAD6003B2800 /* NetworkBaseLayer */ = {
			isa = PBXGroup;
			children = (
				1BBAC4192B87B628003B2800 /* RequestError.swift */,
				1BBAC41B2B87B681003B2800 /* Endpoint.swift */,
				1BBAC41D2B87B6C6003B2800 /* RequestMethod.swift */,
				1BBAC41F2B87B7FE003B2800 /* HTTPClient.swift */,
			);
			path = NetworkBaseLayer;
			sourceTree = "<group>";
		};
		1BBAC4212B87D4A3003B2800 /* Modules */ = {
			isa = PBXGroup;
			children = (
				1BBAC4222B87D4AD003B2800 /* MovieListPage */,
			);
			path = Modules;
			sourceTree = "<group>";
		};
		1BBAC4222B87D4AD003B2800 /* MovieListPage */ = {
			isa = PBXGroup;
			children = (
				1BBAC4252B87D4C9003B2800 /* ViewModel */,
				1BBAC4242B87D4C3003B2800 /* View */,
				1BBAC4232B87D4BA003B2800 /* Model */,
			);
			path = MovieListPage;
			sourceTree = "<group>";
		};
		1BBAC4232B87D4BA003B2800 /* Model */ = {
			isa = PBXGroup;
			children = (
				1BBAC42F2B87DAE3003B2800 /* MovieList.swift */,
				1BBAC4312B87DB29003B2800 /* MovieInfo.swift */,
			);
			path = Model;
			sourceTree = "<group>";
		};
		1BBAC4242B87D4C3003B2800 /* View */ = {
			isa = PBXGroup;
			children = (
				1BBAC4332B87DE9E003B2800 /* MovieListViewController.swift */,
				1BBAC4342B87DE9E003B2800 /* MovieListViewController.xib */,
				1BBAC43C2B87E58A003B2800 /* MovieListTableViewCell.swift */,
				1BBAC43D2B87E58A003B2800 /* MovieListTableViewCell.xib */,
			);
			path = View;
			sourceTree = "<group>";
		};
		1BBAC4252B87D4C9003B2800 /* ViewModel */ = {
			isa = PBXGroup;
			children = (
				1BBAC43A2B87E15F003B2800 /* MovieListViewModel.swift */,
			);
			path = ViewModel;
			sourceTree = "<group>";
		};
		1BBAC4262B87D61C003B2800 /* Services */ = {
			isa = PBXGroup;
			children = (
				1BBAC4272B87D625003B2800 /* MovieAPIService */,
			);
			path = Services;
			sourceTree = "<group>";
		};
		1BBAC4272B87D625003B2800 /* MovieAPIService */ = {
			isa = PBXGroup;
			children = (
				1BBAC4282B87D6CE003B2800 /* MoviesEndpoint.swift */,
				1BBAC42D2B87DA7E003B2800 /* MovieService.swift */,
			);
			path = MovieAPIService;
			sourceTree = "<group>";
		};
		1BBAC42A2B87D8AC003B2800 /* APIConfig */ = {
			isa = PBXGroup;
			children = (
				1BBAC42B2B87D8D0003B2800 /* APIConfig.swift */,
			);
			path = APIConfig;
			sourceTree = "<group>";
		};
		1BBAC4372B87E02F003B2800 /* Extensions */ = {
			isa = PBXGroup;
			children = (
				1BBAC4382B87E053003B2800 /* NSObject+Extension.swift */,
			);
			path = Extensions;
			sourceTree = "<group>";
		};
		1BBAC4402B87F234003B2800 /* Util */ = {
			isa = PBXGroup;
			children = (
				1BBAC4412B87F23D003B2800 /* XCAssets */,
			);
			path = Util;
			sourceTree = "<group>";
		};
		1BBAC4412B87F23D003B2800 /* XCAssets */ = {
			isa = PBXGroup;
			children = (
				1BBAC40B2B87A392003B2800 /* Assets.xcassets */,
			);
			path = XCAssets;
			sourceTree = "<group>";
		};
/* End PBXGroup section */

/* Begin PBXNativeTarget section */
		1BBAC3FE2B87A38F003B2800 /* Movie-List-IOS-Test */ = {
			isa = PBXNativeTarget;
			buildConfigurationList = 1BBAC4132B87A392003B2800 /* Build configuration list for PBXNativeTarget "Movie-List-IOS-Test" */;
			buildPhases = (
				1BBAC3FB2B87A38F003B2800 /* Sources */,
				1BBAC3FC2B87A38F003B2800 /* Frameworks */,
				1BBAC3FD2B87A38F003B2800 /* Resources */,
			);
			buildRules = (
			);
			dependencies = (
			);
			name = "Movie-List-IOS-Test";
			productName = "Movie-List-IOS-Test";
			productReference = 1BBAC3FF2B87A38F003B2800 /* Movie-List-IOS-Test.app */;
			productType = "com.apple.product-type.application";
		};
/* End PBXNativeTarget section */

/* Begin PBXProject section */
		1BBAC3F72B87A38F003B2800 /* Project object */ = {
			isa = PBXProject;
			attributes = {
				BuildIndependentTargetsInParallel = 1;
				LastSwiftUpdateCheck = 1340;
				LastUpgradeCheck = 1340;
				TargetAttributes = {
					1BBAC3FE2B87A38F003B2800 = {
						CreatedOnToolsVersion = 13.4;
					};
				};
			};
			buildConfigurationList = 1BBAC3FA2B87A38F003B2800 /* Build configuration list for PBXProject "Movie-List-IOS-Test" */;
			compatibilityVersion = "Xcode 13.0";
			developmentRegion = en;
			hasScannedForEncodings = 0;
			knownRegions = (
				en,
				Base,
			);
			mainGroup = 1BBAC3F62B87A38F003B2800;
			productRefGroup = 1BBAC4002B87A38F003B2800 /* Products */;
			projectDirPath = "";
			projectRoot = "";
			targets = (
				1BBAC3FE2B87A38F003B2800 /* Movie-List-IOS-Test */,
			);
		};
/* End PBXProject section */

/* Begin PBXResourcesBuildPhase section */
		1BBAC3FD2B87A38F003B2800 /* Resources */ = {
			isa = PBXResourcesBuildPhase;
			buildActionMask = 2147483647;
			files = (
				1BBAC43F2B87E58A003B2800 /* MovieListTableViewCell.xib in Resources */,
				1BBAC40F2B87A392003B2800 /* LaunchScreen.storyboard in Resources */,
				1BBAC40C2B87A392003B2800 /* Assets.xcassets in Resources */,
				1BBAC40A2B87A38F003B2800 /* Main.storyboard in Resources */,
				1BBAC4362B87DE9E003B2800 /* MovieListViewController.xib in Resources */,
			);
			runOnlyForDeploymentPostprocessing = 0;
		};
/* End PBXResourcesBuildPhase section */

/* Begin PBXSourcesBuildPhase section */
		1BBAC3FB2B87A38F003B2800 /* Sources */ = {
			isa = PBXSourcesBuildPhase;
			buildActionMask = 2147483647;
			files = (
				1BBAC41A2B87B628003B2800 /* RequestError.swift in Sources */,
				1BBAC4032B87A38F003B2800 /* AppDelegate.swift in Sources */,
				1BBAC4352B87DE9E003B2800 /* MovieListViewController.swift in Sources */,
				1BBAC43B2B87E15F003B2800 /* MovieListViewModel.swift in Sources */,
				1BBAC4292B87D6CE003B2800 /* MoviesEndpoint.swift in Sources */,
				1BBAC42E2B87DA7E003B2800 /* MovieService.swift in Sources */,
				1BBAC4302B87DAE3003B2800 /* MovieList.swift in Sources */,
				1BBAC4202B87B7FE003B2800 /* HTTPClient.swift in Sources */,
				1BBAC4392B87E053003B2800 /* NSObject+Extension.swift in Sources */,
				1BBAC42C2B87D8D0003B2800 /* APIConfig.swift in Sources */,
				1BBAC4052B87A38F003B2800 /* SceneDelegate.swift in Sources */,
				1BBAC41E2B87B6C6003B2800 /* RequestMethod.swift in Sources */,
				1BBAC4322B87DB29003B2800 /* MovieInfo.swift in Sources */,
				1BBAC43E2B87E58A003B2800 /* MovieListTableViewCell.swift in Sources */,
				1BBAC41C2B87B681003B2800 /* Endpoint.swift in Sources */,
			);
			runOnlyForDeploymentPostprocessing = 0;
		};
/* End PBXSourcesBuildPhase section */

/* Begin PBXVariantGroup section */
		1BBAC4082B87A38F003B2800 /* Main.storyboard */ = {
			isa = PBXVariantGroup;
			children = (
				1BBAC4092B87A38F003B2800 /* Base */,
			);
			name = Main.storyboard;
			sourceTree = "<group>";
		};
		1BBAC40D2B87A392003B2800 /* LaunchScreen.storyboard */ = {
			isa = PBXVariantGroup;
			children = (
				1BBAC40E2B87A392003B2800 /* Base */,
			);
			name = LaunchScreen.storyboard;
			sourceTree = "<group>";
		};
/* End PBXVariantGroup section */

/* Begin XCBuildConfiguration section */
		1BBAC4112B87A392003B2800 /* Debug */ = {
			isa = XCBuildConfiguration;
			buildSettings = {
				ALWAYS_SEARCH_USER_PATHS = NO;
				CLANG_ANALYZER_NONNULL = YES;
				CLANG_ANALYZER_NUMBER_OBJECT_CONVERSION = YES_AGGRESSIVE;
				CLANG_CXX_LANGUAGE_STANDARD = "gnu++17";
				CLANG_ENABLE_MODULES = YES;
				CLANG_ENABLE_OBJC_ARC = YES;
				CLANG_ENABLE_OBJC_WEAK = YES;
				CLANG_WARN_BLOCK_CAPTURE_AUTORELEASING = YES;
				CLANG_WARN_BOOL_CONVERSION = YES;
				CLANG_WARN_COMMA = YES;
				CLANG_WARN_CONSTANT_CONVERSION = YES;
				CLANG_WARN_DEPRECATED_OBJC_IMPLEMENTATIONS = YES;
				CLANG_WARN_DIRECT_OBJC_ISA_USAGE = YES_ERROR;
				CLANG_WARN_DOCUMENTATION_COMMENTS = YES;
				CLANG_WARN_EMPTY_BODY = YES;
				CLANG_WARN_ENUM_CONVERSION = YES;
				CLANG_WARN_INFINITE_RECURSION = YES;
				CLANG_WARN_INT_CONVERSION = YES;
				CLANG_WARN_NON_LITERAL_NULL_CONVERSION = YES;
				CLANG_WARN_OBJC_IMPLICIT_RETAIN_SELF = YES;
				CLANG_WARN_OBJC_LITERAL_CONVERSION = YES;
				CLANG_WARN_OBJC_ROOT_CLASS = YES_ERROR;
				CLANG_WARN_QUOTED_INCLUDE_IN_FRAMEWORK_HEADER = YES;
				CLANG_WARN_RANGE_LOOP_ANALYSIS = YES;
				CLANG_WARN_STRICT_PROTOTYPES = YES;
				CLANG_WARN_SUSPICIOUS_MOVE = YES;
				CLANG_WARN_UNGUARDED_AVAILABILITY = YES_AGGRESSIVE;
				CLANG_WARN_UNREACHABLE_CODE = YES;
				CLANG_WARN__DUPLICATE_METHOD_MATCH = YES;
				COPY_PHASE_STRIP = NO;
				DEBUG_INFORMATION_FORMAT = dwarf;
				ENABLE_STRICT_OBJC_MSGSEND = YES;
				ENABLE_TESTABILITY = YES;
				GCC_C_LANGUAGE_STANDARD = gnu11;
				GCC_DYNAMIC_NO_PIC = NO;
				GCC_NO_COMMON_BLOCKS = YES;
				GCC_OPTIMIZATION_LEVEL = 0;
				GCC_PREPROCESSOR_DEFINITIONS = (
					"DEBUG=1",
					"$(inherited)",
				);
				GCC_WARN_64_TO_32_BIT_CONVERSION = YES;
				GCC_WARN_ABOUT_RETURN_TYPE = YES_ERROR;
				GCC_WARN_UNDECLARED_SELECTOR = YES;
				GCC_WARN_UNINITIALIZED_AUTOS = YES_AGGRESSIVE;
				GCC_WARN_UNUSED_FUNCTION = YES;
				GCC_WARN_UNUSED_VARIABLE = YES;
				IPHONEOS_DEPLOYMENT_TARGET = 15.5;
				MTL_ENABLE_DEBUG_INFO = INCLUDE_SOURCE;
				MTL_FAST_MATH = YES;
				ONLY_ACTIVE_ARCH = YES;
				SDKROOT = iphoneos;
				SWIFT_ACTIVE_COMPILATION_CONDITIONS = DEBUG;
				SWIFT_OPTIMIZATION_LEVEL = "-Onone";
			};
			name = Debug;
		};
		1BBAC4122B87A392003B2800 /* Release */ = {
			isa = XCBuildConfiguration;
			buildSettings = {
				ALWAYS_SEARCH_USER_PATHS = NO;
				CLANG_ANALYZER_NONNULL = YES;
				CLANG_ANALYZER_NUMBER_OBJECT_CONVERSION = YES_AGGRESSIVE;
				CLANG_CXX_LANGUAGE_STANDARD = "gnu++17";
				CLANG_ENABLE_MODULES = YES;
				CLANG_ENABLE_OBJC_ARC = YES;
				CLANG_ENABLE_OBJC_WEAK = YES;
				CLANG_WARN_BLOCK_CAPTURE_AUTORELEASING = YES;
				CLANG_WARN_BOOL_CONVERSION = YES;
				CLANG_WARN_COMMA = YES;
				CLANG_WARN_CONSTANT_CONVERSION = YES;
				CLANG_WARN_DEPRECATED_OBJC_IMPLEMENTATIONS = YES;
				CLANG_WARN_DIRECT_OBJC_ISA_USAGE = YES_ERROR;
				CLANG_WARN_DOCUMENTATION_COMMENTS = YES;
				CLANG_WARN_EMPTY_BODY = YES;
				CLANG_WARN_ENUM_CONVERSION = YES;
				CLANG_WARN_INFINITE_RECURSION = YES;
				CLANG_WARN_INT_CONVERSION = YES;
				CLANG_WARN_NON_LITERAL_NULL_CONVERSION = YES;
				CLANG_WARN_OBJC_IMPLICIT_RETAIN_SELF = YES;
				CLANG_WARN_OBJC_LITERAL_CONVERSION = YES;
				CLANG_WARN_OBJC_ROOT_CLASS = YES_ERROR;
				CLANG_WARN_QUOTED_INCLUDE_IN_FRAMEWORK_HEADER = YES;
				CLANG_WARN_RANGE_LOOP_ANALYSIS = YES;
				CLANG_WARN_STRICT_PROTOTYPES = YES;
				CLANG_WARN_SUSPICIOUS_MOVE = YES;
				CLANG_WARN_UNGUARDED_AVAILABILITY = YES_AGGRESSIVE;
				CLANG_WARN_UNREACHABLE_CODE = YES;
				CLANG_WARN__DUPLICATE_METHOD_MATCH = YES;
				COPY_PHASE_STRIP = NO;
				DEBUG_INFORMATION_FORMAT = "dwarf-with-dsym";
				ENABLE_NS_ASSERTIONS = NO;
				ENABLE_STRICT_OBJC_MSGSEND = YES;
				GCC_C_LANGUAGE_STANDARD = gnu11;
				GCC_NO_COMMON_BLOCKS = YES;
				GCC_WARN_64_TO_32_BIT_CONVERSION = YES;
				GCC_WARN_ABOUT_RETURN_TYPE = YES_ERROR;
				GCC_WARN_UNDECLARED_SELECTOR = YES;
				GCC_WARN_UNINITIALIZED_AUTOS = YES_AGGRESSIVE;
				GCC_WARN_UNUSED_FUNCTION = YES;
				GCC_WARN_UNUSED_VARIABLE = YES;
				IPHONEOS_DEPLOYMENT_TARGET = 15.5;
				MTL_ENABLE_DEBUG_INFO = NO;
				MTL_FAST_MATH = YES;
				SDKROOT = iphoneos;
				SWIFT_COMPILATION_MODE = wholemodule;
				SWIFT_OPTIMIZATION_LEVEL = "-O";
				VALIDATE_PRODUCT = YES;
			};
			name = Release;
		};
		1BBAC4142B87A392003B2800 /* Debug */ = {
			isa = XCBuildConfiguration;
			buildSettings = {
				ASSETCATALOG_COMPILER_APPICON_NAME = AppIcon;
				ASSETCATALOG_COMPILER_GLOBAL_ACCENT_COLOR_NAME = AccentColor;
				CODE_SIGN_STYLE = Automatic;
				CURRENT_PROJECT_VERSION = 1;
				DEVELOPMENT_TEAM = 9QDMV4V22X;
				GENERATE_INFOPLIST_FILE = YES;
				INFOPLIST_FILE = "Movie-List-IOS-Test/Info.plist";
				INFOPLIST_KEY_UIApplicationSupportsIndirectInputEvents = YES;
				INFOPLIST_KEY_UILaunchStoryboardName = LaunchScreen;
				INFOPLIST_KEY_UISupportedInterfaceOrientations_iPad = "UIInterfaceOrientationPortrait UIInterfaceOrientationPortraitUpsideDown UIInterfaceOrientationLandscapeLeft UIInterfaceOrientationLandscapeRight";
				INFOPLIST_KEY_UISupportedInterfaceOrientations_iPhone = "UIInterfaceOrientationPortrait UIInterfaceOrientationLandscapeLeft UIInterfaceOrientationLandscapeRight";
				LD_RUNPATH_SEARCH_PATHS = (
					"$(inherited)",
					"@executable_path/Frameworks",
				);
				MARKETING_VERSION = 1.0;
				PRODUCT_BUNDLE_IDENTIFIER = "com.sagar.hello.Movie-List-IOS-Test";
				PRODUCT_NAME = "$(TARGET_NAME)";
				SWIFT_EMIT_LOC_STRINGS = YES;
				SWIFT_VERSION = 5.0;
				TARGETED_DEVICE_FAMILY = "1,2";
			};
			name = Debug;
		};
		1BBAC4152B87A392003B2800 /* Release */ = {
			isa = XCBuildConfiguration;
			buildSettings = {
				ASSETCATALOG_COMPILER_APPICON_NAME = AppIcon;
				ASSETCATALOG_COMPILER_GLOBAL_ACCENT_COLOR_NAME = AccentColor;
				CODE_SIGN_STYLE = Automatic;
				CURRENT_PROJECT_VERSION = 1;
				DEVELOPMENT_TEAM = 9QDMV4V22X;
				GENERATE_INFOPLIST_FILE = YES;
				INFOPLIST_FILE = "Movie-List-IOS-Test/Info.plist";
				INFOPLIST_KEY_UIApplicationSupportsIndirectInputEvents = YES;
				INFOPLIST_KEY_UILaunchStoryboardName = LaunchScreen;
				INFOPLIST_KEY_UISupportedInterfaceOrientations_iPad = "UIInterfaceOrientationPortrait UIInterfaceOrientationPortraitUpsideDown UIInterfaceOrientationLandscapeLeft UIInterfaceOrientationLandscapeRight";
				INFOPLIST_KEY_UISupportedInterfaceOrientations_iPhone = "UIInterfaceOrientationPortrait UIInterfaceOrientationLandscapeLeft UIInterfaceOrientationLandscapeRight";
				LD_RUNPATH_SEARCH_PATHS = (
					"$(inherited)",
					"@executable_path/Frameworks",
				);
				MARKETING_VERSION = 1.0;
				PRODUCT_BUNDLE_IDENTIFIER = "com.sagar.hello.Movie-List-IOS-Test";
				PRODUCT_NAME = "$(TARGET_NAME)";
				SWIFT_EMIT_LOC_STRINGS = YES;
				SWIFT_VERSION = 5.0;
				TARGETED_DEVICE_FAMILY = "1,2";
			};
			name = Release;
		};
/* End XCBuildConfiguration section */

/* Begin XCConfigurationList section */
		1BBAC3FA2B87A38F003B2800 /* Build configuration list for PBXProject "Movie-List-IOS-Test" */ = {
			isa = XCConfigurationList;
			buildConfigurations = (
				1BBAC4112B87A392003B2800 /* Debug */,
				1BBAC4122B87A392003B2800 /* Release */,
			);
			defaultConfigurationIsVisible = 0;
			defaultConfigurationName = Release;
		};
		1BBAC4132B87A392003B2800 /* Build configuration list for PBXNativeTarget "Movie-List-IOS-Test" */ = {
			isa = XCConfigurationList;
			buildConfigurations = (
				1BBAC4142B87A392003B2800 /* Debug */,
				1BBAC4152B87A392003B2800 /* Release */,
			);
			defaultConfigurationIsVisible = 0;
			defaultConfigurationName = Release;
		};
/* End XCConfigurationList section */
	};
	rootObject = 1BBAC3F72B87A38F003B2800 /* Project object */;
}
